
Microsoft Visual Studio Solution File, Format Version 12.00
# Visual Studio Version 17
VisualStudioVersion = 17.2.32616.157
MinimumVisualStudioVersion = 10.0.40219.1
Project("{FAE04EC0-301F-11D3-BF4B-00C04F79EFBC}") = "Junkia.Web.Api", "Junkia.Web.Api\Junkia.Web.Api.csproj", "{881CD0AB-7BF7-4C7B-A54C-F42C919341FE}"
EndProject
Global
	GlobalSection(SolutionConfigurationPlatforms) = preSolution
		Debug|Any CPU = Debug|Any CPU
		Release|Any CPU = Release|Any CPU
	EndGlobalSection
	GlobalSection(ProjectConfigurationPlatforms) = postSolution
		{881CD0AB-7BF7-4C7B-A54C-F42C919341FE}.Debug|Any CPU.ActiveCfg = Debug|Any CPU
		{881CD0AB-7BF7-4C7B-A54C-F42C919341FE}.Debug|Any CPU.Build.0 = Debug|Any CPU
		{881CD0AB-7BF7-4C7B-A54C-F42C919341FE}.Release|Any CPU.ActiveCfg = Release|Any CPU
		{881CD0AB-7BF7-4C7B-A54C-F42C919341FE}.Release|Any CPU.Build.0 = Release|Any CPU
	EndGlobalSection
	GlobalSection(SolutionProperties) = preSolution
		HideSolutionNode = FALSE
	EndGlobalSection
	GlobalSection(ExtensibilityGlobals) = postSolution
		SolutionGuid = {15B972BF-E130-47C5-A693-419A97AC7933}
	EndGlobalSection
EndGlobal
